
Microsoft Visual Studio Solution File, Format Version 12.00
# Visual Studio Version 16
VisualStudioVersion = 16.0.32901.82
MinimumVisualStudioVersion = 10.0.40219.1
Project("{FAE04EC0-301F-11D3-BF4B-00C04F79EFBC}") = "Login", "Login.csproj", "{CCFCED72-2FBC-41CF-AF8A-8FD012553675}"
EndProject
Global
	GlobalSection(SolutionConfigurationPlatforms) = preSolution
		Debug|Any CPU = Debug|Any CPU
		Release|Any CPU = Release|Any CPU
	EndGlobalSection
	GlobalSection(ProjectConfigurationPlatforms) = postSolution
		{CCFCED72-2FBC-41CF-AF8A-8FD012553675}.Debug|Any CPU.ActiveCfg = Debug|Any CPU
		{CCFCED72-2FBC-41CF-AF8A-8FD012553675}.Debug|Any CPU.Build.0 = Debug|Any CPU
		{CCFCED72-2FBC-41CF-AF8A-8FD012553675}.Release|Any CPU.ActiveCfg = Release|Any CPU
		{CCFCED72-2FBC-41CF-AF8A-8FD012553675}.Release|Any CPU.Build.0 = Release|Any CPU
	EndGlobalSection
	GlobalSection(SolutionProperties) = preSolution
		HideSolutionNode = FALSE
	EndGlobalSection
	GlobalSection(ExtensibilityGlobals) = postSolution
		SolutionGuid = {32D25B58-FA43-42A3-8CA9-C399A545A6A5}
	EndGlobalSection
EndGlobal
