
Microsoft Visual Studio Solution File, Format Version 12.00
# Visual Studio Version 17
VisualStudioVersion = 17.9.34701.34
MinimumVisualStudioVersion = 10.0.40219.1
Project("{FAE04EC0-301F-11D3-BF4B-00C04F79EFBC}") = "Meeting", "Meeting.csproj", "{C1751108-AEAF-4FA8-8435-B544EE29A70A}"
EndProject
Global
	GlobalSection(SolutionConfigurationPlatforms) = preSolution
		Debug|Any CPU = Debug|Any CPU
		Release|Any CPU = Release|Any CPU
	EndGlobalSection
	GlobalSection(ProjectConfigurationPlatforms) = postSolution
		{C1751108-AEAF-4FA8-8435-B544EE29A70A}.Debug|Any CPU.ActiveCfg = Debug|Any CPU
		{C1751108-AEAF-4FA8-8435-B544EE29A70A}.Debug|Any CPU.Build.0 = Debug|Any CPU
		{C1751108-AEAF-4FA8-8435-B544EE29A70A}.Release|Any CPU.ActiveCfg = Release|Any CPU
		{C1751108-AEAF-4FA8-8435-B544EE29A70A}.Release|Any CPU.Build.0 = Release|Any CPU
	EndGlobalSection
	GlobalSection(SolutionProperties) = preSolution
		HideSolutionNode = FALSE
	EndGlobalSection
	GlobalSection(ExtensibilityGlobals) = postSolution
		SolutionGuid = {800E477C-5CFD-45EF-BCF1-4DC752EFD3BA}
	EndGlobalSection
EndGlobal
